
Microsoft Visual Studio Solution File, Format Version 12.00
# Visual Studio Version 17
VisualStudioVersion = 17.1.32228.430
MinimumVisualStudioVersion = 10.0.40219.1
Project("{FAE04EC0-301F-11D3-BF4B-00C04F79EFBC}") = "Cas.Core.Services.Gcp", "Cas.Core.Services.Gcp\Cas.Core.Services.Gcp.csproj", "{0C8488B5-B7C1-480B-B941-1054F1CE10CE}"
EndProject
Global
	GlobalSection(SolutionConfigurationPlatforms) = preSolution
		Debug|Any CPU = Debug|Any CPU
		Release|Any CPU = Release|Any CPU
	EndGlobalSection
	GlobalSection(ProjectConfigurationPlatforms) = postSolution
		{0C8488B5-B7C1-480B-B941-1054F1CE10CE}.Debug|Any CPU.ActiveCfg = Debug|Any CPU
		{0C8488B5-B7C1-480B-B941-1054F1CE10CE}.Debug|Any CPU.Build.0 = Debug|Any CPU
		{0C8488B5-B7C1-480B-B941-1054F1CE10CE}.Release|Any CPU.ActiveCfg = Release|Any CPU
		{0C8488B5-B7C1-480B-B941-1054F1CE10CE}.Release|Any CPU.Build.0 = Release|Any CPU
	EndGlobalSection
	GlobalSection(SolutionProperties) = preSolution
		HideSolutionNode = FALSE
	EndGlobalSection
	GlobalSection(ExtensibilityGlobals) = postSolution
		SolutionGuid = {ADDCAB7E-9F00-4B64-8153-2F7FD51DA853}
	EndGlobalSection
EndGlobal
